# This file was autogenerated by uv via the following command:
#    uv pip compile requirements.txt -o requirements.lock
blinker==1.9.0
    # via flask
branca==0.8.1
    # via folium
certifi==2025.1.31
    # via requests
charset-normalizer==3.4.1
    # via requests
click==8.1.8
    # via flask
cloudpickle==3.1.1
    # via shap
contourpy==1.3.1
    # via matplotlib
cycler==0.12.1
    # via matplotlib
faiss-cpu==1.7.4
    # via -r requirements.txt
faker==19.3.0
    # via -r requirements.txt
flask==3.0.0
    # via -r requirements.txt
folium==0.14.0
    # via -r requirements.txt
fonttools==4.55.8
    # via matplotlib
geographiclib==2.0
    # via geopy
geopy==2.4.0
    # via -r requirements.txt
idna==3.10
    # via requests
iniconfig==2.0.0
    # via pytest
itsdangerous==2.2.0
    # via flask
jinja2==3.1.5
    # via
    #   branca
    #   flask
    #   folium
joblib==1.4.2
    # via scikit-learn
kiwisolver==1.4.8
    # via matplotlib
llvmlite==0.44.0
    # via numba
markupsafe==3.0.2
    # via
    #   jinja2
    #   werkzeug
matplotlib==3.7.2
    # via
    #   -r requirements.txt
    #   seaborn
numba==0.61.0
    # via shap
numpy>1.24.3
    # via
    #   -r requirements.txt
    #   contourpy
    #   folium
    #   matplotlib
    #   numba
    #   pandas
    #   scikit-learn
    #   scipy
    #   seaborn
    #   shap
packaging==24.2
    # via
    #   matplotlib
    #   pytest
    #   shap
pandas==2.0.3
    # via
    #   -r requirements.txt
    #   seaborn
    #   shap
pillow==11.1.0
    # via matplotlib
pluggy==1.5.0
    # via pytest
pyparsing==3.0.9
    # via matplotlib
pytest==8.3.4
    # via -r requirements.txt
python-dateutil==2.9.0.post0
    # via
    #   faker
    #   matplotlib
    #   pandas
pytz==2025.1
    # via pandas
requests==2.32.3
    # via folium
scikit-learn==1.3.0
    # via
    #   -r requirements.txt
    #   shap
scipy==1.15.1
    # via
    #   scikit-learn
    #   shap
seaborn==0.12.2
    # via -r requirements.txt
shap==0.42.1
    # via -r requirements.txt
six==1.17.0
    # via python-dateutil
slicer==0.0.7
    # via shap
threadpoolctl==3.5.0
    # via scikit-learn
tqdm==4.67.1
    # via shap
tzdata==2025.1
    # via pandas
urllib3==2.3.0
    # via requests
werkzeug==3.1.3
    # via flask
